// !$*UTF8*$!
{
	archiveVersion = 1;
	classes = {
	};
	objectVersion = 55;
	objects = {

/* Begin PBXBuildFile section */
		9A78CA952800806200E4EE72 /* AppDelegate.swift in Sources */ = {isa = PBXBuildFile; fileRef = 9A78CA942800806200E4EE72 /* AppDelegate.swift */; };
		9A78CA972800806200E4EE72 /* SceneDelegate.swift in Sources */ = {isa = PBXBuildFile; fileRef = 9A78CA962800806200E4EE72 /* SceneDelegate.swift */; };
		9A78CA9C2800806200E4EE72 /* Main.storyboard in Resources */ = {isa = PBXBuildFile; fileRef = 9A78CA9A2800806200E4EE72 /* Main.storyboard */; };
		9A78CA9E2800806200E4EE72 /* Assets.xcassets in Resources */ = {isa = PBXBuildFile; fileRef = 9A78CA9D2800806200E4EE72 /* Assets.xcassets */; };
		9A78CAA12800806200E4EE72 /* LaunchScreen.storyboard in Resources */ = {isa = PBXBuildFile; fileRef = 9A78CA9F2800806200E4EE72 /* LaunchScreen.storyboard */; };
		9A78CAB12800832B00E4EE72 /* Movie.swift in Sources */ = {isa = PBXBuildFile; fileRef = 9A78CAB02800832B00E4EE72 /* Movie.swift */; };
		9A78CAB32800856F00E4EE72 /* Strings.swift in Sources */ = {isa = PBXBuildFile; fileRef = 9A78CAB22800856F00E4EE72 /* Strings.swift */; };
		9A78CAB52800869B00E4EE72 /* MovieNetworkManager.swift in Sources */ = {isa = PBXBuildFile; fileRef = 9A78CAB42800869B00E4EE72 /* MovieNetworkManager.swift */; };
		9A78CAB72800888C00E4EE72 /* MovieError.swift in Sources */ = {isa = PBXBuildFile; fileRef = 9A78CAB62800888C00E4EE72 /* MovieError.swift */; };
		9A78CABA280088F900E4EE72 /* UIViewController+ErrorAlert.swift in Sources */ = {isa = PBXBuildFile; fileRef = 9A78CAB9280088F900E4EE72 /* UIViewController+ErrorAlert.swift */; };
		9A78CABD2800A37100E4EE72 /* MovieTableViewCell.swift in Sources */ = {isa = PBXBuildFile; fileRef = 9A78CABC2800A37100E4EE72 /* MovieTableViewCell.swift */; };
		9A78CABF2800A87900E4EE72 /* MovieListViewController.swift in Sources */ = {isa = PBXBuildFile; fileRef = 9A78CABE2800A87900E4EE72 /* MovieListViewController.swift */; };
/* End PBXBuildFile section */

/* Begin PBXFileReference section */
		9A78CA912800806200E4EE72 /* assessment-movie-search.app */ = {isa = PBXFileReference; explicitFileType = wrapper.application; includeInIndex = 0; path = "assessment-movie-search.app"; sourceTree = BUILT_PRODUCTS_DIR; };
		9A78CA942800806200E4EE72 /* AppDelegate.swift */ = {isa = PBXFileReference; lastKnownFileType = sourcecode.swift; path = AppDelegate.swift; sourceTree = "<group>"; };
		9A78CA962800806200E4EE72 /* SceneDelegate.swift */ = {isa = PBXFileReference; lastKnownFileType = sourcecode.swift; path = SceneDelegate.swift; sourceTree = "<group>"; };
		9A78CA9B2800806200E4EE72 /* Base */ = {isa = PBXFileReference; lastKnownFileType = file.storyboard; name = Base; path = Base.lproj/Main.storyboard; sourceTree = "<group>"; };
		9A78CA9D2800806200E4EE72 /* Assets.xcassets */ = {isa = PBXFileReference; lastKnownFileType = folder.assetcatalog; path = Assets.xcassets; sourceTree = "<group>"; };
		9A78CAA02800806200E4EE72 /* Base */ = {isa = PBXFileReference; lastKnownFileType = file.storyboard; name = Base; path = Base.lproj/LaunchScreen.storyboard; sourceTree = "<group>"; };
		9A78CAA22800806200E4EE72 /* Info.plist */ = {isa = PBXFileReference; lastKnownFileType = text.plist.xml; path = Info.plist; sourceTree = "<group>"; };
		9A78CAB02800832B00E4EE72 /* Movie.swift */ = {isa = PBXFileReference; lastKnownFileType = sourcecode.swift; path = Movie.swift; sourceTree = "<group>"; };
		9A78CAB22800856F00E4EE72 /* Strings.swift */ = {isa = PBXFileReference; lastKnownFileType = sourcecode.swift; path = Strings.swift; sourceTree = "<group>"; };
		9A78CAB42800869B00E4EE72 /* MovieNetworkManager.swift */ = {isa = PBXFileReference; lastKnownFileType = sourcecode.swift; path = MovieNetworkManager.swift; sourceTree = "<group>"; };
		9A78CAB62800888C00E4EE72 /* MovieError.swift */ = {isa = PBXFileReference; lastKnownFileType = sourcecode.swift; path = MovieError.swift; sourceTree = "<group>"; };
		9A78CAB9280088F900E4EE72 /* UIViewController+ErrorAlert.swift */ = {isa = PBXFileReference; lastKnownFileType = sourcecode.swift; path = "UIViewController+ErrorAlert.swift"; sourceTree = "<group>"; };
		9A78CABC2800A37100E4EE72 /* MovieTableViewCell.swift */ = {isa = PBXFileReference; lastKnownFileType = sourcecode.swift; path = MovieTableViewCell.swift; sourceTree = "<group>"; };
		9A78CABE2800A87900E4EE72 /* MovieListViewController.swift */ = {isa = PBXFileReference; lastKnownFileType = sourcecode.swift; path = MovieListViewController.swift; sourceTree = "<group>"; };
/* End PBXFileReference section */

/* Begin PBXFrameworksBuildPhase section */
		9A78CA8E2800806200E4EE72 /* Frameworks */ = {
			isa = PBXFrameworksBuildPhase;
			buildActionMask = 2147483647;
			files = (
			);
			runOnlyForDeploymentPostprocessing = 0;
		};
/* End PBXFrameworksBuildPhase section */

/* Begin PBXGroup section */
		9A78CA882800806200E4EE72 = {
			isa = PBXGroup;
			children = (
				9A78CA932800806200E4EE72 /* assessment-movie-search */,
				9A78CA922800806200E4EE72 /* Products */,
			);
			sourceTree = "<group>";
		};
		9A78CA922800806200E4EE72 /* Products */ = {
			isa = PBXGroup;
			children = (
				9A78CA912800806200E4EE72 /* assessment-movie-search.app */,
			);
			name = Products;
			sourceTree = "<group>";
		};
		9A78CA932800806200E4EE72 /* assessment-movie-search */ = {
			isa = PBXGroup;
			children = (
				9A78CAAD2800828000E4EE72 /* Controllers */,
				9A78CAAC2800827D00E4EE72 /* Models */,
				9A78CAAA2800827600E4EE72 /* Views */,
				9A78CAA92800827000E4EE72 /* Utils */,
				9A78CAA82800826000E4EE72 /* Resources */,
			);
			path = "assessment-movie-search";
			sourceTree = "<group>";
		};
		9A78CAA82800826000E4EE72 /* Resources */ = {
			isa = PBXGroup;
			children = (
				9A78CA942800806200E4EE72 /* AppDelegate.swift */,
				9A78CA962800806200E4EE72 /* SceneDelegate.swift */,
				9A78CA9D2800806200E4EE72 /* Assets.xcassets */,
				9A78CAA22800806200E4EE72 /* Info.plist */,
			);
			path = Resources;
			sourceTree = "<group>";
		};
		9A78CAA92800827000E4EE72 /* Utils */ = {
			isa = PBXGroup;
			children = (
				9A78CAB8280088E800E4EE72 /* Extensions */,
				9A78CAB22800856F00E4EE72 /* Strings.swift */,
				9A78CAB42800869B00E4EE72 /* MovieNetworkManager.swift */,
				9A78CAB62800888C00E4EE72 /* MovieError.swift */,
			);
			path = Utils;
			sourceTree = "<group>";
		};
		9A78CAAA2800827600E4EE72 /* Views */ = {
			isa = PBXGroup;
			children = (
				9A78CABB2800A32700E4EE72 /* Custom */,
				9A78CAAB2800827800E4EE72 /* Storyboards */,
			);
			path = Views;
			sourceTree = "<group>";
		};
		9A78CAAB2800827800E4EE72 /* Storyboards */ = {
			isa = PBXGroup;
			children = (
				9A78CA9A2800806200E4EE72 /* Main.storyboard */,
				9A78CA9F2800806200E4EE72 /* LaunchScreen.storyboard */,
			);
			path = Storyboards;
			sourceTree = "<group>";
		};
		9A78CAAC2800827D00E4EE72 /* Models */ = {
			isa = PBXGroup;
			children = (
				9A78CAB02800832B00E4EE72 /* Movie.swift */,
			);
			path = Models;
			sourceTree = "<group>";
		};
		9A78CAAD2800828000E4EE72 /* Controllers */ = {
			isa = PBXGroup;
			children = (
				9A78CAAF280082C800E4EE72 /* View Controllers */,
				9A78CAAE280082C400E4EE72 /* Model Controllers */,
			);
			path = Controllers;
			sourceTree = "<group>";
		};
		9A78CAAE280082C400E4EE72 /* Model Controllers */ = {
			isa = PBXGroup;
			children = (
			);
			path = "Model Controllers";
			sourceTree = "<group>";
		};
		9A78CAAF280082C800E4EE72 /* View Controllers */ = {
			isa = PBXGroup;
			children = (
				9A78CABE2800A87900E4EE72 /* MovieListViewController.swift */,
			);
			path = "View Controllers";
			sourceTree = "<group>";
		};
		9A78CAB8280088E800E4EE72 /* Extensions */ = {
			isa = PBXGroup;
			children = (
				9A78CAB9280088F900E4EE72 /* UIViewController+ErrorAlert.swift */,
			);
			path = Extensions;
			sourceTree = "<group>";
		};
		9A78CABB2800A32700E4EE72 /* Custom */ = {
			isa = PBXGroup;
			children = (
				9A78CABC2800A37100E4EE72 /* MovieTableViewCell.swift */,
			);
			path = Custom;
			sourceTree = "<group>";
		};
/* End PBXGroup section */

/* Begin PBXNativeTarget section */
		9A78CA902800806200E4EE72 /* assessment-movie-search */ = {
			isa = PBXNativeTarget;
			buildConfigurationList = 9A78CAA52800806200E4EE72 /* Build configuration list for PBXNativeTarget "assessment-movie-search" */;
			buildPhases = (
				9A78CA8D2800806200E4EE72 /* Sources */,
				9A78CA8E2800806200E4EE72 /* Frameworks */,
				9A78CA8F2800806200E4EE72 /* Resources */,
			);
			buildRules = (
			);
			dependencies = (
			);
			name = "assessment-movie-search";
			productName = "assessment-movie-search";
			productReference = 9A78CA912800806200E4EE72 /* assessment-movie-search.app */;
			productType = "com.apple.product-type.application";
		};
/* End PBXNativeTarget section */

/* Begin PBXProject section */
		9A78CA892800806200E4EE72 /* Project object */ = {
			isa = PBXProject;
			attributes = {
				BuildIndependentTargetsInParallel = 1;
				LastSwiftUpdateCheck = 1330;
				LastUpgradeCheck = 1330;
				TargetAttributes = {
					9A78CA902800806200E4EE72 = {
						CreatedOnToolsVersion = 13.3;
					};
				};
			};
			buildConfigurationList = 9A78CA8C2800806200E4EE72 /* Build configuration list for PBXProject "assessment-movie-search" */;
			compatibilityVersion = "Xcode 13.0";
			developmentRegion = en;
			hasScannedForEncodings = 0;
			knownRegions = (
				en,
				Base,
			);
			mainGroup = 9A78CA882800806200E4EE72;
			productRefGroup = 9A78CA922800806200E4EE72 /* Products */;
			projectDirPath = "";
			projectRoot = "";
			targets = (
				9A78CA902800806200E4EE72 /* assessment-movie-search */,
			);
		};
/* End PBXProject section */

/* Begin PBXResourcesBuildPhase section */
		9A78CA8F2800806200E4EE72 /* Resources */ = {
			isa = PBXResourcesBuildPhase;
			buildActionMask = 2147483647;
			files = (
				9A78CAA12800806200E4EE72 /* LaunchScreen.storyboard in Resources */,
				9A78CA9E2800806200E4EE72 /* Assets.xcassets in Resources */,
				9A78CA9C2800806200E4EE72 /* Main.storyboard in Resources */,
			);
			runOnlyForDeploymentPostprocessing = 0;
		};
/* End PBXResourcesBuildPhase section */

/* Begin PBXSourcesBuildPhase section */
		9A78CA8D2800806200E4EE72 /* Sources */ = {
			isa = PBXSourcesBuildPhase;
			buildActionMask = 2147483647;
			files = (
				9A78CABA280088F900E4EE72 /* UIViewController+ErrorAlert.swift in Sources */,
				9A78CA952800806200E4EE72 /* AppDelegate.swift in Sources */,
				9A78CAB72800888C00E4EE72 /* MovieError.swift in Sources */,
				9A78CA972800806200E4EE72 /* SceneDelegate.swift in Sources */,
				9A78CAB52800869B00E4EE72 /* MovieNetworkManager.swift in Sources */,
				9A78CAB32800856F00E4EE72 /* Strings.swift in Sources */,
				9A78CABF2800A87900E4EE72 /* MovieListViewController.swift in Sources */,
				9A78CABD2800A37100E4EE72 /* MovieTableViewCell.swift in Sources */,
				9A78CAB12800832B00E4EE72 /* Movie.swift in Sources */,
			);
			runOnlyForDeploymentPostprocessing = 0;
		};
/* End PBXSourcesBuildPhase section */

/* Begin PBXVariantGroup section */
		9A78CA9A2800806200E4EE72 /* Main.storyboard */ = {
			isa = PBXVariantGroup;
			children = (
				9A78CA9B2800806200E4EE72 /* Base */,
			);
			name = Main.storyboard;
			sourceTree = "<group>";
		};
		9A78CA9F2800806200E4EE72 /* LaunchScreen.storyboard */ = {
			isa = PBXVariantGroup;
			children = (
				9A78CAA02800806200E4EE72 /* Base */,
			);
			name = LaunchScreen.storyboard;
			sourceTree = "<group>";
		};
/* End PBXVariantGroup section */

/* Begin XCBuildConfiguration section */
		9A78CAA32800806200E4EE72 /* Debug */ = {
			isa = XCBuildConfiguration;
			buildSettings = {
				ALWAYS_SEARCH_USER_PATHS = NO;
				CLANG_ANALYZER_NONNULL = YES;
				CLANG_ANALYZER_NUMBER_OBJECT_CONVERSION = YES_AGGRESSIVE;
				CLANG_CXX_LANGUAGE_STANDARD = "gnu++17";
				CLANG_ENABLE_MODULES = YES;
				CLANG_ENABLE_OBJC_ARC = YES;
				CLANG_ENABLE_OBJC_WEAK = YES;
				CLANG_WARN_BLOCK_CAPTURE_AUTORELEASING = YES;
				CLANG_WARN_BOOL_CONVERSION = YES;
				CLANG_WARN_COMMA = YES;
				CLANG_WARN_CONSTANT_CONVERSION = YES;
				CLANG_WARN_DEPRECATED_OBJC_IMPLEMENTATIONS = YES;
				CLANG_WARN_DIRECT_OBJC_ISA_USAGE = YES_ERROR;
				CLANG_WARN_DOCUMENTATION_COMMENTS = YES;
				CLANG_WARN_EMPTY_BODY = YES;
				CLANG_WARN_ENUM_CONVERSION = YES;
				CLANG_WARN_INFINITE_RECURSION = YES;
				CLANG_WARN_INT_CONVERSION = YES;
				CLANG_WARN_NON_LITERAL_NULL_CONVERSION = YES;
				CLANG_WARN_OBJC_IMPLICIT_RETAIN_SELF = YES;
				CLANG_WARN_OBJC_LITERAL_CONVERSION = YES;
				CLANG_WARN_OBJC_ROOT_CLASS = YES_ERROR;
				CLANG_WARN_QUOTED_INCLUDE_IN_FRAMEWORK_HEADER = YES;
				CLANG_WARN_RANGE_LOOP_ANALYSIS = YES;
				CLANG_WARN_STRICT_PROTOTYPES = YES;
				CLANG_WARN_SUSPICIOUS_MOVE = YES;
				CLANG_WARN_UNGUARDED_AVAILABILITY = YES_AGGRESSIVE;
				CLANG_WARN_UNREACHABLE_CODE = YES;
				CLANG_WARN__DUPLICATE_METHOD_MATCH = YES;
				COPY_PHASE_STRIP = NO;
				DEBUG_INFORMATION_FORMAT = dwarf;
				ENABLE_STRICT_OBJC_MSGSEND = YES;
				ENABLE_TESTABILITY = YES;
				GCC_C_LANGUAGE_STANDARD = gnu11;
				GCC_DYNAMIC_NO_PIC = NO;
				GCC_NO_COMMON_BLOCKS = YES;
				GCC_OPTIMIZATION_LEVEL = 0;
				GCC_PREPROCESSOR_DEFINITIONS = (
					"DEBUG=1",
					"$(inherited)",
				);
				GCC_WARN_64_TO_32_BIT_CONVERSION = YES;
				GCC_WARN_ABOUT_RETURN_TYPE = YES_ERROR;
				GCC_WARN_UNDECLARED_SELECTOR = YES;
				GCC_WARN_UNINITIALIZED_AUTOS = YES_AGGRESSIVE;
				GCC_WARN_UNUSED_FUNCTION = YES;
				GCC_WARN_UNUSED_VARIABLE = YES;
				IPHONEOS_DEPLOYMENT_TARGET = 15.4;
				MTL_ENABLE_DEBUG_INFO = INCLUDE_SOURCE;
				MTL_FAST_MATH = YES;
				ONLY_ACTIVE_ARCH = YES;
				SDKROOT = iphoneos;
				SWIFT_ACTIVE_COMPILATION_CONDITIONS = DEBUG;
				SWIFT_OPTIMIZATION_LEVEL = "-Onone";
			};
			name = Debug;
		};
		9A78CAA42800806200E4EE72 /* Release */ = {
			isa = XCBuildConfiguration;
			buildSettings = {
				ALWAYS_SEARCH_USER_PATHS = NO;
				CLANG_ANALYZER_NONNULL = YES;
				CLANG_ANALYZER_NUMBER_OBJECT_CONVERSION = YES_AGGRESSIVE;
				CLANG_CXX_LANGUAGE_STANDARD = "gnu++17";
				CLANG_ENABLE_MODULES = YES;
				CLANG_ENABLE_OBJC_ARC = YES;
				CLANG_ENABLE_OBJC_WEAK = YES;
				CLANG_WARN_BLOCK_CAPTURE_AUTORELEASING = YES;
				CLANG_WARN_BOOL_CONVERSION = YES;
				CLANG_WARN_COMMA = YES;
				CLANG_WARN_CONSTANT_CONVERSION = YES;
				CLANG_WARN_DEPRECATED_OBJC_IMPLEMENTATIONS = YES;
				CLANG_WARN_DIRECT_OBJC_ISA_USAGE = YES_ERROR;
				CLANG_WARN_DOCUMENTATION_COMMENTS = YES;
				CLANG_WARN_EMPTY_BODY = YES;
				CLANG_WARN_ENUM_CONVERSION = YES;
				CLANG_WARN_INFINITE_RECURSION = YES;
				CLANG_WARN_INT_CONVERSION = YES;
				CLANG_WARN_NON_LITERAL_NULL_CONVERSION = YES;
				CLANG_WARN_OBJC_IMPLICIT_RETAIN_SELF = YES;
				CLANG_WARN_OBJC_LITERAL_CONVERSION = YES;
				CLANG_WARN_OBJC_ROOT_CLASS = YES_ERROR;
				CLANG_WARN_QUOTED_INCLUDE_IN_FRAMEWORK_HEADER = YES;
				CLANG_WARN_RANGE_LOOP_ANALYSIS = YES;
				CLANG_WARN_STRICT_PROTOTYPES = YES;
				CLANG_WARN_SUSPICIOUS_MOVE = YES;
				CLANG_WARN_UNGUARDED_AVAILABILITY = YES_AGGRESSIVE;
				CLANG_WARN_UNREACHABLE_CODE = YES;
				CLANG_WARN__DUPLICATE_METHOD_MATCH = YES;
				COPY_PHASE_STRIP = NO;
				DEBUG_INFORMATION_FORMAT = "dwarf-with-dsym";
				ENABLE_NS_ASSERTIONS = NO;
				ENABLE_STRICT_OBJC_MSGSEND = YES;
				GCC_C_LANGUAGE_STANDARD = gnu11;
				GCC_NO_COMMON_BLOCKS = YES;
				GCC_WARN_64_TO_32_BIT_CONVERSION = YES;
				GCC_WARN_ABOUT_RETURN_TYPE = YES_ERROR;
				GCC_WARN_UNDECLARED_SELECTOR = YES;
				GCC_WARN_UNINITIALIZED_AUTOS = YES_AGGRESSIVE;
				GCC_WARN_UNUSED_FUNCTION = YES;
				GCC_WARN_UNUSED_VARIABLE = YES;
				IPHONEOS_DEPLOYMENT_TARGET = 15.4;
				MTL_ENABLE_DEBUG_INFO = NO;
				MTL_FAST_MATH = YES;
				SDKROOT = iphoneos;
				SWIFT_COMPILATION_MODE = wholemodule;
				SWIFT_OPTIMIZATION_LEVEL = "-O";
				VALIDATE_PRODUCT = YES;
			};
			name = Release;
		};
		9A78CAA62800806200E4EE72 /* Debug */ = {
			isa = XCBuildConfiguration;
			buildSettings = {
				ASSETCATALOG_COMPILER_APPICON_NAME = AppIcon;
				ASSETCATALOG_COMPILER_GLOBAL_ACCENT_COLOR_NAME = AccentColor;
				CODE_SIGN_STYLE = Automatic;
				CURRENT_PROJECT_VERSION = 1;
				DEVELOPMENT_TEAM = 72A8K5D64W;
				GENERATE_INFOPLIST_FILE = YES;
				INFOPLIST_FILE = "assessment-movie-search/Resources/Info.plist";
				INFOPLIST_KEY_UIApplicationSupportsIndirectInputEvents = YES;
				INFOPLIST_KEY_UILaunchStoryboardName = LaunchScreen;
				INFOPLIST_KEY_UIMainStoryboardFile = Main;
				INFOPLIST_KEY_UISupportedInterfaceOrientations_iPad = "UIInterfaceOrientationPortrait UIInterfaceOrientationPortraitUpsideDown UIInterfaceOrientationLandscapeLeft UIInterfaceOrientationLandscapeRight";
				INFOPLIST_KEY_UISupportedInterfaceOrientations_iPhone = "UIInterfaceOrientationPortrait UIInterfaceOrientationLandscapeLeft UIInterfaceOrientationLandscapeRight";
				IPHONEOS_DEPLOYMENT_TARGET = 15.0;
				LD_RUNPATH_SEARCH_PATHS = (
					"$(inherited)",
					"@executable_path/Frameworks",
				);
				MARKETING_VERSION = 1.0;
				PRODUCT_BUNDLE_IDENTIFIER = "me.andrewelliott.assessment-movie-search";
				PRODUCT_NAME = "$(TARGET_NAME)";
				SWIFT_EMIT_LOC_STRINGS = YES;
				SWIFT_VERSION = 5.0;
				TARGETED_DEVICE_FAMILY = "1,2";
			};
			name = Debug;
		};
		9A78CAA72800806200E4EE72 /* Release */ = {
			isa = XCBuildConfiguration;
			buildSettings = {
				ASSETCATALOG_COMPILER_APPICON_NAME = AppIcon;
				ASSETCATALOG_COMPILER_GLOBAL_ACCENT_COLOR_NAME = AccentColor;
				CODE_SIGN_STYLE = Automatic;
				CURRENT_PROJECT_VERSION = 1;
				DEVELOPMENT_TEAM = 72A8K5D64W;
				GENERATE_INFOPLIST_FILE = YES;
				INFOPLIST_FILE = "assessment-movie-search/Resources/Info.plist";
				INFOPLIST_KEY_UIApplicationSupportsIndirectInputEvents = YES;
				INFOPLIST_KEY_UILaunchStoryboardName = LaunchScreen;
				INFOPLIST_KEY_UIMainStoryboardFile = Main;
				INFOPLIST_KEY_UISupportedInterfaceOrientations_iPad = "UIInterfaceOrientationPortrait UIInterfaceOrientationPortraitUpsideDown UIInterfaceOrientationLandscapeLeft UIInterfaceOrientationLandscapeRight";
				INFOPLIST_KEY_UISupportedInterfaceOrientations_iPhone = "UIInterfaceOrientationPortrait UIInterfaceOrientationLandscapeLeft UIInterfaceOrientationLandscapeRight";
				IPHONEOS_DEPLOYMENT_TARGET = 15.0;
				LD_RUNPATH_SEARCH_PATHS = (
					"$(inherited)",
					"@executable_path/Frameworks",
				);
				MARKETING_VERSION = 1.0;
				PRODUCT_BUNDLE_IDENTIFIER = "me.andrewelliott.assessment-movie-search";
				PRODUCT_NAME = "$(TARGET_NAME)";
				SWIFT_EMIT_LOC_STRINGS = YES;
				SWIFT_VERSION = 5.0;
				TARGETED_DEVICE_FAMILY = "1,2";
			};
			name = Release;
		};
/* End XCBuildConfiguration section */

/* Begin XCConfigurationList section */
		9A78CA8C2800806200E4EE72 /* Build configuration list for PBXProject "assessment-movie-search" */ = {
			isa = XCConfigurationList;
			buildConfigurations = (
				9A78CAA32800806200E4EE72 /* Debug */,
				9A78CAA42800806200E4EE72 /* Release */,
			);
			defaultConfigurationIsVisible = 0;
			defaultConfigurationName = Release;
		};
		9A78CAA52800806200E4EE72 /* Build configuration list for PBXNativeTarget "assessment-movie-search" */ = {
			isa = XCConfigurationList;
			buildConfigurations = (
				9A78CAA62800806200E4EE72 /* Debug */,
				9A78CAA72800806200E4EE72 /* Release */,
			);
			defaultConfigurationIsVisible = 0;
			defaultConfigurationName = Release;
		};
/* End XCConfigurationList section */
	};
	rootObject = 9A78CA892800806200E4EE72 /* Project object */;
}
